
Microsoft Visual Studio Solution File, Format Version 12.00
# Visual Studio Version 17
VisualStudioVersion = 17.12.35707.178
MinimumVisualStudioVersion = 10.0.40219.1
Project("{2150E333-8FDC-42A3-9474-1A3956D46DE8}") = "src", "src", "{BC7FB424-7016-470A-B9FF-A58A62410DC2}"
EndProject
Project("{2150E333-8FDC-42A3-9474-1A3956D46DE8}") = "test", "test", "{0732FD6B-7A0F-4ED3-9CDD-7ED63EBEF07A}"
EndProject
Project("{FAE04EC0-301F-11D3-BF4B-00C04F79EFBC}") = "NZOrz.Features", "src\NZOrz.Features\NZOrz.Features.csproj", "{6C7763C4-1BE1-4601-A558-52AA2C44F6AC}"
EndProject
Project("{FAE04EC0-301F-11D3-BF4B-00C04F79EFBC}") = "NZOrz.Benchmarks", "test\NZOrz.Benchmarks\NZOrz.Benchmarks.csproj", "{E60C0382-C4C9-4EF6-A8A6-A3F32CDBBEFC}"
EndProject
Global
	GlobalSection(SolutionConfigurationPlatforms) = preSolution
		Debug|Any CPU = Debug|Any CPU
		Release|Any CPU = Release|Any CPU
	EndGlobalSection
	GlobalSection(ProjectConfigurationPlatforms) = postSolution
		{6C7763C4-1BE1-4601-A558-52AA2C44F6AC}.Debug|Any CPU.ActiveCfg = Debug|Any CPU
		{6C7763C4-1BE1-4601-A558-52AA2C44F6AC}.Debug|Any CPU.Build.0 = Debug|Any CPU
		{6C7763C4-1BE1-4601-A558-52AA2C44F6AC}.Release|Any CPU.ActiveCfg = Release|Any CPU
		{6C7763C4-1BE1-4601-A558-52AA2C44F6AC}.Release|Any CPU.Build.0 = Release|Any CPU
		{E60C0382-C4C9-4EF6-A8A6-A3F32CDBBEFC}.Debug|Any CPU.ActiveCfg = Debug|Any CPU
		{E60C0382-C4C9-4EF6-A8A6-A3F32CDBBEFC}.Debug|Any CPU.Build.0 = Debug|Any CPU
		{E60C0382-C4C9-4EF6-A8A6-A3F32CDBBEFC}.Release|Any CPU.ActiveCfg = Release|Any CPU
		{E60C0382-C4C9-4EF6-A8A6-A3F32CDBBEFC}.Release|Any CPU.Build.0 = Release|Any CPU
	EndGlobalSection
	GlobalSection(SolutionProperties) = preSolution
		HideSolutionNode = FALSE
	EndGlobalSection
	GlobalSection(NestedProjects) = preSolution
		{6C7763C4-1BE1-4601-A558-52AA2C44F6AC} = {BC7FB424-7016-470A-B9FF-A58A62410DC2}
		{E60C0382-C4C9-4EF6-A8A6-A3F32CDBBEFC} = {0732FD6B-7A0F-4ED3-9CDD-7ED63EBEF07A}
	EndGlobalSection
EndGlobal
